{
  "name": "wheres_waldo",
  "lockfileVersion": 2,
  "requires": true,
  "packages": {
    "": {
      "dependencies": {
        "@rails/ujs": "^7.0.4"
      }
    },
    "node_modules/@rails/ujs": {
      "version": "7.0.4",
      "resolved": "https://registry.npmjs.org/@rails/ujs/-/ujs-7.0.4.tgz",
      "integrity": "sha512-UY9yQxBvtqXzXScslgPwZoQd16T0+z3P6BQS4lZDJFg5xVuMIgHkHQI6dhyWEt5l/qwbGaYX+YiZu6J+oxWPOw=="
    }
  },
  "dependencies": {
    "@rails/ujs": {
      "version": "7.0.4",
      "resolved": "https://registry.npmjs.org/@rails/ujs/-/ujs-7.0.4.tgz",
      "integrity": "sha512-UY9yQxBvtqXzXScslgPwZoQd16T0+z3P6BQS4lZDJFg5xVuMIgHkHQI6dhyWEt5l/qwbGaYX+YiZu6J+oxWPOw=="
    }
  }
}
